// !$*UTF8*$!
{
	archiveVersion = 1;
	classes = {
	};
	objectVersion = 50;
	objects = {

/* Begin PBXBuildFile section */
		411C2BB926F90CEA0068165E /* TikTokCloneApp.swift in Sources */ = {isa = PBXBuildFile; fileRef = 411C2BB826F90CEA0068165E /* TikTokCloneApp.swift */; };
		411C2BBB26F90CEA0068165E /* ContentView.swift in Sources */ = {isa = PBXBuildFile; fileRef = 411C2BBA26F90CEA0068165E /* ContentView.swift */; };
		411C2BBD26F90CEC0068165E /* Assets.xcassets in Resources */ = {isa = PBXBuildFile; fileRef = 411C2BBC26F90CEC0068165E /* Assets.xcassets */; };
		411C2BC026F90CEC0068165E /* Preview Assets.xcassets in Resources */ = {isa = PBXBuildFile; fileRef = 411C2BBF26F90CEC0068165E /* Preview Assets.xcassets */; };
		411C2BCD26F90D820068165E /* video5.mp4 in Resources */ = {isa = PBXBuildFile; fileRef = 411C2BC726F90D810068165E /* video5.mp4 */; };
		411C2BCE26F90D820068165E /* video2.mp4 in Resources */ = {isa = PBXBuildFile; fileRef = 411C2BC826F90D820068165E /* video2.mp4 */; };
		411C2BCF26F90D820068165E /* video3.mp4 in Resources */ = {isa = PBXBuildFile; fileRef = 411C2BC926F90D820068165E /* video3.mp4 */; };
		411C2BD026F90D820068165E /* video1.mp4 in Resources */ = {isa = PBXBuildFile; fileRef = 411C2BCA26F90D820068165E /* video1.mp4 */; };
		411C2BD126F90D820068165E /* video4.mp4 in Resources */ = {isa = PBXBuildFile; fileRef = 411C2BCB26F90D820068165E /* video4.mp4 */; };
		411C2BD226F90D820068165E /* video6.mp4 in Resources */ = {isa = PBXBuildFile; fileRef = 411C2BCC26F90D820068165E /* video6.mp4 */; };
		411C2BD726FA54F30068165E /* Home.swift in Sources */ = {isa = PBXBuildFile; fileRef = 411C2BD626FA54F30068165E /* Home.swift */; };
		411C2BD926FA55190068165E /* Video.swift in Sources */ = {isa = PBXBuildFile; fileRef = 411C2BD826FA55190068165E /* Video.swift */; };
		411C2BDB26FA5A950068165E /* Player.swift in Sources */ = {isa = PBXBuildFile; fileRef = 411C2BDA26FA5A950068165E /* Player.swift */; };
/* End PBXBuildFile section */

/* Begin PBXFileReference section */
		411C2BB526F90CEA0068165E /* TikTokClone.app */ = {isa = PBXFileReference; explicitFileType = wrapper.application; includeInIndex = 0; path = TikTokClone.app; sourceTree = BUILT_PRODUCTS_DIR; };
		411C2BB826F90CEA0068165E /* TikTokCloneApp.swift */ = {isa = PBXFileReference; lastKnownFileType = sourcecode.swift; path = TikTokCloneApp.swift; sourceTree = "<group>"; };
		411C2BBA26F90CEA0068165E /* ContentView.swift */ = {isa = PBXFileReference; lastKnownFileType = sourcecode.swift; path = ContentView.swift; sourceTree = "<group>"; };
		411C2BBC26F90CEC0068165E /* Assets.xcassets */ = {isa = PBXFileReference; lastKnownFileType = folder.assetcatalog; path = Assets.xcassets; sourceTree = "<group>"; };
		411C2BBF26F90CEC0068165E /* Preview Assets.xcassets */ = {isa = PBXFileReference; lastKnownFileType = folder.assetcatalog; path = "Preview Assets.xcassets"; sourceTree = "<group>"; };
		411C2BC126F90CEC0068165E /* Info.plist */ = {isa = PBXFileReference; lastKnownFileType = text.plist.xml; path = Info.plist; sourceTree = "<group>"; };
		411C2BC726F90D810068165E /* video5.mp4 */ = {isa = PBXFileReference; lastKnownFileType = file; path = video5.mp4; sourceTree = "<group>"; };
		411C2BC826F90D820068165E /* video2.mp4 */ = {isa = PBXFileReference; lastKnownFileType = file; path = video2.mp4; sourceTree = "<group>"; };
		411C2BC926F90D820068165E /* video3.mp4 */ = {isa = PBXFileReference; lastKnownFileType = file; path = video3.mp4; sourceTree = "<group>"; };
		411C2BCA26F90D820068165E /* video1.mp4 */ = {isa = PBXFileReference; lastKnownFileType = file; path = video1.mp4; sourceTree = "<group>"; };
		411C2BCB26F90D820068165E /* video4.mp4 */ = {isa = PBXFileReference; lastKnownFileType = file; path = video4.mp4; sourceTree = "<group>"; };
		411C2BCC26F90D820068165E /* video6.mp4 */ = {isa = PBXFileReference; lastKnownFileType = file; path = video6.mp4; sourceTree = "<group>"; };
		411C2BD626FA54F30068165E /* Home.swift */ = {isa = PBXFileReference; lastKnownFileType = sourcecode.swift; path = Home.swift; sourceTree = "<group>"; };
		411C2BD826FA55190068165E /* Video.swift */ = {isa = PBXFileReference; lastKnownFileType = sourcecode.swift; path = Video.swift; sourceTree = "<group>"; };
		411C2BDA26FA5A950068165E /* Player.swift */ = {isa = PBXFileReference; lastKnownFileType = sourcecode.swift; path = Player.swift; sourceTree = "<group>"; };
/* End PBXFileReference section */

/* Begin PBXFrameworksBuildPhase section */
		411C2BB226F90CEA0068165E /* Frameworks */ = {
			isa = PBXFrameworksBuildPhase;
			buildActionMask = 2147483647;
			files = (
			);
			runOnlyForDeploymentPostprocessing = 0;
		};
/* End PBXFrameworksBuildPhase section */

/* Begin PBXGroup section */
		411C2BAC26F90CEA0068165E = {
			isa = PBXGroup;
			children = (
				411C2BB726F90CEA0068165E /* TikTokClone */,
				411C2BB626F90CEA0068165E /* Products */,
			);
			sourceTree = "<group>";
		};
		411C2BB626F90CEA0068165E /* Products */ = {
			isa = PBXGroup;
			children = (
				411C2BB526F90CEA0068165E /* TikTokClone.app */,
			);
			name = Products;
			sourceTree = "<group>";
		};
		411C2BB726F90CEA0068165E /* TikTokClone */ = {
			isa = PBXGroup;
			children = (
				411C2BD426FA53C20068165E /* View */,
				411C2BD526FA53C80068165E /* Model */,
				411C2BD326FA53AD0068165E /* videos */,
				411C2BB826F90CEA0068165E /* TikTokCloneApp.swift */,
				411C2BBC26F90CEC0068165E /* Assets.xcassets */,
				411C2BC126F90CEC0068165E /* Info.plist */,
				411C2BBE26F90CEC0068165E /* Preview Content */,
			);
			path = TikTokClone;
			sourceTree = "<group>";
		};
		411C2BBE26F90CEC0068165E /* Preview Content */ = {
			isa = PBXGroup;
			children = (
				411C2BBF26F90CEC0068165E /* Preview Assets.xcassets */,
			);
			path = "Preview Content";
			sourceTree = "<group>";
		};
		411C2BD326FA53AD0068165E /* videos */ = {
			isa = PBXGroup;
			children = (
				411C2BCA26F90D820068165E /* video1.mp4 */,
				411C2BC826F90D820068165E /* video2.mp4 */,
				411C2BC926F90D820068165E /* video3.mp4 */,
				411C2BCB26F90D820068165E /* video4.mp4 */,
				411C2BC726F90D810068165E /* video5.mp4 */,
				411C2BCC26F90D820068165E /* video6.mp4 */,
			);
			path = videos;
			sourceTree = "<group>";
		};
		411C2BD426FA53C20068165E /* View */ = {
			isa = PBXGroup;
			children = (
				411C2BBA26F90CEA0068165E /* ContentView.swift */,
				411C2BD626FA54F30068165E /* Home.swift */,
				411C2BDA26FA5A950068165E /* Player.swift */,
			);
			path = View;
			sourceTree = "<group>";
		};
		411C2BD526FA53C80068165E /* Model */ = {
			isa = PBXGroup;
			children = (
				411C2BD826FA55190068165E /* Video.swift */,
			);
			path = Model;
			sourceTree = "<group>";
		};
/* End PBXGroup section */

/* Begin PBXNativeTarget section */
		411C2BB426F90CEA0068165E /* TikTokClone */ = {
			isa = PBXNativeTarget;
			buildConfigurationList = 411C2BC426F90CEC0068165E /* Build configuration list for PBXNativeTarget "TikTokClone" */;
			buildPhases = (
				411C2BB126F90CEA0068165E /* Sources */,
				411C2BB226F90CEA0068165E /* Frameworks */,
				411C2BB326F90CEA0068165E /* Resources */,
			);
			buildRules = (
			);
			dependencies = (
			);
			name = TikTokClone;
			productName = TikTokClone;
			productReference = 411C2BB526F90CEA0068165E /* TikTokClone.app */;
			productType = "com.apple.product-type.application";
		};
/* End PBXNativeTarget section */

/* Begin PBXProject section */
		411C2BAD26F90CEA0068165E /* Project object */ = {
			isa = PBXProject;
			attributes = {
				LastSwiftUpdateCheck = 1250;
				LastUpgradeCheck = 1250;
				TargetAttributes = {
					411C2BB426F90CEA0068165E = {
						CreatedOnToolsVersion = 12.5.1;
					};
				};
			};
			buildConfigurationList = 411C2BB026F90CEA0068165E /* Build configuration list for PBXProject "TikTokClone" */;
			compatibilityVersion = "Xcode 9.3";
			developmentRegion = en;
			hasScannedForEncodings = 0;
			knownRegions = (
				en,
				Base,
			);
			mainGroup = 411C2BAC26F90CEA0068165E;
			productRefGroup = 411C2BB626F90CEA0068165E /* Products */;
			projectDirPath = "";
			projectRoot = "";
			targets = (
				411C2BB426F90CEA0068165E /* TikTokClone */,
			);
		};
/* End PBXProject section */

/* Begin PBXResourcesBuildPhase section */
		411C2BB326F90CEA0068165E /* Resources */ = {
			isa = PBXResourcesBuildPhase;
			buildActionMask = 2147483647;
			files = (
				411C2BCD26F90D820068165E /* video5.mp4 in Resources */,
				411C2BCE26F90D820068165E /* video2.mp4 in Resources */,
				411C2BCF26F90D820068165E /* video3.mp4 in Resources */,
				411C2BD026F90D820068165E /* video1.mp4 in Resources */,
				411C2BD126F90D820068165E /* video4.mp4 in Resources */,
				411C2BD226F90D820068165E /* video6.mp4 in Resources */,
				411C2BC026F90CEC0068165E /* Preview Assets.xcassets in Resources */,
				411C2BBD26F90CEC0068165E /* Assets.xcassets in Resources */,
			);
			runOnlyForDeploymentPostprocessing = 0;
		};
/* End PBXResourcesBuildPhase section */

/* Begin PBXSourcesBuildPhase section */
		411C2BB126F90CEA0068165E /* Sources */ = {
			isa = PBXSourcesBuildPhase;
			buildActionMask = 2147483647;
			files = (
				411C2BBB26F90CEA0068165E /* ContentView.swift in Sources */,
				411C2BD926FA55190068165E /* Video.swift in Sources */,
				411C2BD726FA54F30068165E /* Home.swift in Sources */,
				411C2BDB26FA5A950068165E /* Player.swift in Sources */,
				411C2BB926F90CEA0068165E /* TikTokCloneApp.swift in Sources */,
			);
			runOnlyForDeploymentPostprocessing = 0;
		};
/* End PBXSourcesBuildPhase section */

/* Begin XCBuildConfiguration section */
		411C2BC226F90CEC0068165E /* Debug */ = {
			isa = XCBuildConfiguration;
			buildSettings = {
				ALWAYS_SEARCH_USER_PATHS = NO;
				CLANG_ANALYZER_NONNULL = YES;
				CLANG_ANALYZER_NUMBER_OBJECT_CONVERSION = YES_AGGRESSIVE;
				CLANG_CXX_LANGUAGE_STANDARD = "gnu++14";
				CLANG_CXX_LIBRARY = "libc++";
				CLANG_ENABLE_MODULES = YES;
				CLANG_ENABLE_OBJC_ARC = YES;
				CLANG_ENABLE_OBJC_WEAK = YES;
				CLANG_WARN_BLOCK_CAPTURE_AUTORELEASING = YES;
				CLANG_WARN_BOOL_CONVERSION = YES;
				CLANG_WARN_COMMA = YES;
				CLANG_WARN_CONSTANT_CONVERSION = YES;
				CLANG_WARN_DEPRECATED_OBJC_IMPLEMENTATIONS = YES;
				CLANG_WARN_DIRECT_OBJC_ISA_USAGE = YES_ERROR;
				CLANG_WARN_DOCUMENTATION_COMMENTS = YES;
				CLANG_WARN_EMPTY_BODY = YES;
				CLANG_WARN_ENUM_CONVERSION = YES;
				CLANG_WARN_INFINITE_RECURSION = YES;
				CLANG_WARN_INT_CONVERSION = YES;
				CLANG_WARN_NON_LITERAL_NULL_CONVERSION = YES;
				CLANG_WARN_OBJC_IMPLICIT_RETAIN_SELF = YES;
				CLANG_WARN_OBJC_LITERAL_CONVERSION = YES;
				CLANG_WARN_OBJC_ROOT_CLASS = YES_ERROR;
				CLANG_WARN_QUOTED_INCLUDE_IN_FRAMEWORK_HEADER = YES;
				CLANG_WARN_RANGE_LOOP_ANALYSIS = YES;
				CLANG_WARN_STRICT_PROTOTYPES = YES;
				CLANG_WARN_SUSPICIOUS_MOVE = YES;
				CLANG_WARN_UNGUARDED_AVAILABILITY = YES_AGGRESSIVE;
				CLANG_WARN_UNREACHABLE_CODE = YES;
				CLANG_WARN__DUPLICATE_METHOD_MATCH = YES;
				COPY_PHASE_STRIP = NO;
				DEBUG_INFORMATION_FORMAT = dwarf;
				ENABLE_STRICT_OBJC_MSGSEND = YES;
				ENABLE_TESTABILITY = YES;
				GCC_C_LANGUAGE_STANDARD = gnu11;
				GCC_DYNAMIC_NO_PIC = NO;
				GCC_NO_COMMON_BLOCKS = YES;
				GCC_OPTIMIZATION_LEVEL = 0;
				GCC_PREPROCESSOR_DEFINITIONS = (
					"DEBUG=1",
					"$(inherited)",
				);
				GCC_WARN_64_TO_32_BIT_CONVERSION = YES;
				GCC_WARN_ABOUT_RETURN_TYPE = YES_ERROR;
				GCC_WARN_UNDECLARED_SELECTOR = YES;
				GCC_WARN_UNINITIALIZED_AUTOS = YES_AGGRESSIVE;
				GCC_WARN_UNUSED_FUNCTION = YES;
				GCC_WARN_UNUSED_VARIABLE = YES;
				IPHONEOS_DEPLOYMENT_TARGET = 14.5;
				MTL_ENABLE_DEBUG_INFO = INCLUDE_SOURCE;
				MTL_FAST_MATH = YES;
				ONLY_ACTIVE_ARCH = YES;
				SDKROOT = iphoneos;
				SWIFT_ACTIVE_COMPILATION_CONDITIONS = DEBUG;
				SWIFT_OPTIMIZATION_LEVEL = "-Onone";
			};
			name = Debug;
		};
		411C2BC326F90CEC0068165E /* Release */ = {
			isa = XCBuildConfiguration;
			buildSettings = {
				ALWAYS_SEARCH_USER_PATHS = NO;
				CLANG_ANALYZER_NONNULL = YES;
				CLANG_ANALYZER_NUMBER_OBJECT_CONVERSION = YES_AGGRESSIVE;
				CLANG_CXX_LANGUAGE_STANDARD = "gnu++14";
				CLANG_CXX_LIBRARY = "libc++";
				CLANG_ENABLE_MODULES = YES;
				CLANG_ENABLE_OBJC_ARC = YES;
				CLANG_ENABLE_OBJC_WEAK = YES;
				CLANG_WARN_BLOCK_CAPTURE_AUTORELEASING = YES;
				CLANG_WARN_BOOL_CONVERSION = YES;
				CLANG_WARN_COMMA = YES;
				CLANG_WARN_CONSTANT_CONVERSION = YES;
				CLANG_WARN_DEPRECATED_OBJC_IMPLEMENTATIONS = YES;
				CLANG_WARN_DIRECT_OBJC_ISA_USAGE = YES_ERROR;
				CLANG_WARN_DOCUMENTATION_COMMENTS = YES;
				CLANG_WARN_EMPTY_BODY = YES;
				CLANG_WARN_ENUM_CONVERSION = YES;
				CLANG_WARN_INFINITE_RECURSION = YES;
				CLANG_WARN_INT_CONVERSION = YES;
				CLANG_WARN_NON_LITERAL_NULL_CONVERSION = YES;
				CLANG_WARN_OBJC_IMPLICIT_RETAIN_SELF = YES;
				CLANG_WARN_OBJC_LITERAL_CONVERSION = YES;
				CLANG_WARN_OBJC_ROOT_CLASS = YES_ERROR;
				CLANG_WARN_QUOTED_INCLUDE_IN_FRAMEWORK_HEADER = YES;
				CLANG_WARN_RANGE_LOOP_ANALYSIS = YES;
				CLANG_WARN_STRICT_PROTOTYPES = YES;
				CLANG_WARN_SUSPICIOUS_MOVE = YES;
				CLANG_WARN_UNGUARDED_AVAILABILITY = YES_AGGRESSIVE;
				CLANG_WARN_UNREACHABLE_CODE = YES;
				CLANG_WARN__DUPLICATE_METHOD_MATCH = YES;
				COPY_PHASE_STRIP = NO;
				DEBUG_INFORMATION_FORMAT = "dwarf-with-dsym";
				ENABLE_NS_ASSERTIONS = NO;
				ENABLE_STRICT_OBJC_MSGSEND = YES;
				GCC_C_LANGUAGE_STANDARD = gnu11;
				GCC_NO_COMMON_BLOCKS = YES;
				GCC_WARN_64_TO_32_BIT_CONVERSION = YES;
				GCC_WARN_ABOUT_RETURN_TYPE = YES_ERROR;
				GCC_WARN_UNDECLARED_SELECTOR = YES;
				GCC_WARN_UNINITIALIZED_AUTOS = YES_AGGRESSIVE;
				GCC_WARN_UNUSED_FUNCTION = YES;
				GCC_WARN_UNUSED_VARIABLE = YES;
				IPHONEOS_DEPLOYMENT_TARGET = 14.5;
				MTL_ENABLE_DEBUG_INFO = NO;
				MTL_FAST_MATH = YES;
				SDKROOT = iphoneos;
				SWIFT_COMPILATION_MODE = wholemodule;
				SWIFT_OPTIMIZATION_LEVEL = "-O";
				VALIDATE_PRODUCT = YES;
			};
			name = Release;
		};
		411C2BC526F90CEC0068165E /* Debug */ = {
			isa = XCBuildConfiguration;
			buildSettings = {
				ASSETCATALOG_COMPILER_APPICON_NAME = AppIcon;
				ASSETCATALOG_COMPILER_GLOBAL_ACCENT_COLOR_NAME = AccentColor;
				CODE_SIGN_STYLE = Automatic;
				DEVELOPMENT_ASSET_PATHS = "\"TikTokClone/Preview Content\"";
				DEVELOPMENT_TEAM = 947MDTH7AR;
				ENABLE_PREVIEWS = YES;
				INFOPLIST_FILE = TikTokClone/Info.plist;
				IPHONEOS_DEPLOYMENT_TARGET = 14.0;
				LD_RUNPATH_SEARCH_PATHS = (
					"$(inherited)",
					"@executable_path/Frameworks",
				);
				PRODUCT_BUNDLE_IDENTIFIER = FrankfurtIndustries.TikTokClone;
				PRODUCT_NAME = "$(TARGET_NAME)";
				SWIFT_VERSION = 5.0;
				TARGETED_DEVICE_FAMILY = "1,2";
			};
			name = Debug;
		};
		411C2BC626F90CEC0068165E /* Release */ = {
			isa = XCBuildConfiguration;
			buildSettings = {
				ASSETCATALOG_COMPILER_APPICON_NAME = AppIcon;
				ASSETCATALOG_COMPILER_GLOBAL_ACCENT_COLOR_NAME = AccentColor;
				CODE_SIGN_STYLE = Automatic;
				DEVELOPMENT_ASSET_PATHS = "\"TikTokClone/Preview Content\"";
				DEVELOPMENT_TEAM = 947MDTH7AR;
				ENABLE_PREVIEWS = YES;
				INFOPLIST_FILE = TikTokClone/Info.plist;
				IPHONEOS_DEPLOYMENT_TARGET = 14.0;
				LD_RUNPATH_SEARCH_PATHS = (
					"$(inherited)",
					"@executable_path/Frameworks",
				);
				PRODUCT_BUNDLE_IDENTIFIER = FrankfurtIndustries.TikTokClone;
				PRODUCT_NAME = "$(TARGET_NAME)";
				SWIFT_VERSION = 5.0;
				TARGETED_DEVICE_FAMILY = "1,2";
			};
			name = Release;
		};
/* End XCBuildConfiguration section */

/* Begin XCConfigurationList section */
		411C2BB026F90CEA0068165E /* Build configuration list for PBXProject "TikTokClone" */ = {
			isa = XCConfigurationList;
			buildConfigurations = (
				411C2BC226F90CEC0068165E /* Debug */,
				411C2BC326F90CEC0068165E /* Release */,
			);
			defaultConfigurationIsVisible = 0;
			defaultConfigurationName = Release;
		};
		411C2BC426F90CEC0068165E /* Build configuration list for PBXNativeTarget "TikTokClone" */ = {
			isa = XCConfigurationList;
			buildConfigurations = (
				411C2BC526F90CEC0068165E /* Debug */,
				411C2BC626F90CEC0068165E /* Release */,
			);
			defaultConfigurationIsVisible = 0;
			defaultConfigurationName = Release;
		};
/* End XCConfigurationList section */
	};
	rootObject = 411C2BAD26F90CEA0068165E /* Project object */;
}
